
Microsoft Visual Studio Solution File, Format Version 12.00
# Visual Studio Version 16
VisualStudioVersion = 16.0.29519.181
MinimumVisualStudioVersion = 10.0.40219.1
Project("{FAE04EC0-301F-11D3-BF4B-00C04F79EFBC}") = "Reports.Core", "Reports.Core\Reports.Core.csproj", "{C095F869-6351-4163-AD1D-125E6E950279}"
EndProject
Project("{FAE04EC0-301F-11D3-BF4B-00C04F79EFBC}") = "Reports.Services", "Reports.Services\Reports.Services.csproj", "{293A4C44-DE9F-41CF-9098-71458AA2C6F0}"
EndProject
Project("{FAE04EC0-301F-11D3-BF4B-00C04F79EFBC}") = "Reports.Data", "Reports.Data\Reports.Data.csproj", "{A8511D20-8268-4877-B848-3968FC8EC06B}"
EndProject
Project("{FAE04EC0-301F-11D3-BF4B-00C04F79EFBC}") = "Reports.Web", "Reports.Web\Reports.Web.csproj", "{341338E0-ECD1-4041-9446-82B127B356C3}"
	ProjectSection(ProjectDependencies) = postProject
		{A8511D20-8268-4877-B848-3968FC8EC06B} = {A8511D20-8268-4877-B848-3968FC8EC06B}
	EndProjectSection
EndProject
Global
	GlobalSection(SolutionConfigurationPlatforms) = preSolution
		Debug|Any CPU = Debug|Any CPU
		Release|Any CPU = Release|Any CPU
	EndGlobalSection
	GlobalSection(ProjectConfigurationPlatforms) = postSolution
		{C095F869-6351-4163-AD1D-125E6E950279}.Debug|Any CPU.ActiveCfg = Debug|Any CPU
		{C095F869-6351-4163-AD1D-125E6E950279}.Debug|Any CPU.Build.0 = Debug|Any CPU
		{C095F869-6351-4163-AD1D-125E6E950279}.Release|Any CPU.ActiveCfg = Release|Any CPU
		{C095F869-6351-4163-AD1D-125E6E950279}.Release|Any CPU.Build.0 = Release|Any CPU
		{293A4C44-DE9F-41CF-9098-71458AA2C6F0}.Debug|Any CPU.ActiveCfg = Debug|Any CPU
		{293A4C44-DE9F-41CF-9098-71458AA2C6F0}.Debug|Any CPU.Build.0 = Debug|Any CPU
		{293A4C44-DE9F-41CF-9098-71458AA2C6F0}.Release|Any CPU.ActiveCfg = Release|Any CPU
		{293A4C44-DE9F-41CF-9098-71458AA2C6F0}.Release|Any CPU.Build.0 = Release|Any CPU
		{A8511D20-8268-4877-B848-3968FC8EC06B}.Debug|Any CPU.ActiveCfg = Debug|Any CPU
		{A8511D20-8268-4877-B848-3968FC8EC06B}.Debug|Any CPU.Build.0 = Debug|Any CPU
		{A8511D20-8268-4877-B848-3968FC8EC06B}.Release|Any CPU.ActiveCfg = Release|Any CPU
		{A8511D20-8268-4877-B848-3968FC8EC06B}.Release|Any CPU.Build.0 = Release|Any CPU
		{341338E0-ECD1-4041-9446-82B127B356C3}.Debug|Any CPU.ActiveCfg = Debug|Any CPU
		{341338E0-ECD1-4041-9446-82B127B356C3}.Debug|Any CPU.Build.0 = Debug|Any CPU
		{341338E0-ECD1-4041-9446-82B127B356C3}.Release|Any CPU.ActiveCfg = Release|Any CPU
		{341338E0-ECD1-4041-9446-82B127B356C3}.Release|Any CPU.Build.0 = Release|Any CPU
	EndGlobalSection
	GlobalSection(SolutionProperties) = preSolution
		HideSolutionNode = FALSE
	EndGlobalSection
	GlobalSection(ExtensibilityGlobals) = postSolution
		SolutionGuid = {9B26BEBF-FC45-454F-B248-1648F5C31F49}
	EndGlobalSection
EndGlobal
